
Microsoft Visual Studio Solution File, Format Version 12.00
# Visual Studio 15
VisualStudioVersion = 15.0.28307.329
MinimumVisualStudioVersion = 10.0.40219.1
Project("{FAE04EC0-301F-11D3-BF4B-00C04F79EFBC}") = "gk4p1", "gk4p1\gk4p1.csproj", "{CC36A153-C0CC-4ED1-A02D-98F15D040A01}"
EndProject
Global
	GlobalSection(SolutionConfigurationPlatforms) = preSolution
		Debug|Any CPU = Debug|Any CPU
		Release|Any CPU = Release|Any CPU
	EndGlobalSection
	GlobalSection(ProjectConfigurationPlatforms) = postSolution
		{CC36A153-C0CC-4ED1-A02D-98F15D040A01}.Debug|Any CPU.ActiveCfg = Debug|Any CPU
		{CC36A153-C0CC-4ED1-A02D-98F15D040A01}.Debug|Any CPU.Build.0 = Debug|Any CPU
		{CC36A153-C0CC-4ED1-A02D-98F15D040A01}.Release|Any CPU.ActiveCfg = Release|Any CPU
		{CC36A153-C0CC-4ED1-A02D-98F15D040A01}.Release|Any CPU.Build.0 = Release|Any CPU
	EndGlobalSection
	GlobalSection(SolutionProperties) = preSolution
		HideSolutionNode = FALSE
	EndGlobalSection
	GlobalSection(ExtensibilityGlobals) = postSolution
		SolutionGuid = {F955228A-5CA0-4DAB-98E3-DFDA16FF34C9}
	EndGlobalSection
EndGlobal
